
Microsoft Visual Studio Solution File, Format Version 12.00
# Visual Studio 15
VisualStudioVersion = 15.0.28307.1082
MinimumVisualStudioVersion = 10.0.40219.1
Project("{FAE04EC0-301F-11D3-BF4B-00C04F79EFBC}") = "MVCProject", "MVCProject\MVCProject.csproj", "{76BA6948-0F55-4CE2-975C-BE413C471804}"
EndProject
Project("{FAE04EC0-301F-11D3-BF4B-00C04F79EFBC}") = "MVCProject.Data", "MVCProject.Data\MVCProject.Data.csproj", "{6819A57D-094C-4F89-ADE9-5CF601D0AA1C}"
EndProject
Global
	GlobalSection(SolutionConfigurationPlatforms) = preSolution
		Debug|Any CPU = Debug|Any CPU
		Release|Any CPU = Release|Any CPU
	EndGlobalSection
	GlobalSection(ProjectConfigurationPlatforms) = postSolution
		{76BA6948-0F55-4CE2-975C-BE413C471804}.Debug|Any CPU.ActiveCfg = Debug|Any CPU
		{76BA6948-0F55-4CE2-975C-BE413C471804}.Debug|Any CPU.Build.0 = Debug|Any CPU
		{76BA6948-0F55-4CE2-975C-BE413C471804}.Release|Any CPU.ActiveCfg = Release|Any CPU
		{76BA6948-0F55-4CE2-975C-BE413C471804}.Release|Any CPU.Build.0 = Release|Any CPU
		{6819A57D-094C-4F89-ADE9-5CF601D0AA1C}.Debug|Any CPU.ActiveCfg = Debug|Any CPU
		{6819A57D-094C-4F89-ADE9-5CF601D0AA1C}.Debug|Any CPU.Build.0 = Debug|Any CPU
		{6819A57D-094C-4F89-ADE9-5CF601D0AA1C}.Release|Any CPU.ActiveCfg = Release|Any CPU
		{6819A57D-094C-4F89-ADE9-5CF601D0AA1C}.Release|Any CPU.Build.0 = Release|Any CPU
	EndGlobalSection
	GlobalSection(SolutionProperties) = preSolution
		HideSolutionNode = FALSE
	EndGlobalSection
	GlobalSection(ExtensibilityGlobals) = postSolution
		SolutionGuid = {B0353B01-65CF-4DF5-8212-25BBF51643EA}
	EndGlobalSection
EndGlobal
